{
  "name": "md-links",
  "version": "1.0.0",
  "lockfileVersion": 1,
  "requires": true,
  "dependencies": {
    "marked": {
      "version": "0.4.0",
      "resolved": "https://registry.npmjs.org/marked/-/marked-0.4.0.tgz",
      "integrity": "sha512-tMsdNBgOsrUophCAFQl0XPe6Zqk/uy9gnue+jIIKhykO51hxyu6uNx7zBPy0+y/WKYVZZMspV9YeXLNdKk+iYw=="
    },
    "md-links": {
      "version": "0.1.0",
      "resolved": "https://registry.npmjs.org/md-links/-/md-links-0.1.0.tgz",
      "integrity": "sha512-K13ePhokT83d3q1i79NRwhucDUpfoJvF2vC63GeRx09qv1BWGRQlrZ/wjovOaQtfHepuV0cXRPK+bCDkld76pw==",
      "requires": {
        "marked": "^0.4.0",
        "node-fetch": "^2.2.0"
      }
    },
    "node-fetch": {
      "version": "2.6.0",
      "resolved": "https://registry.npmjs.org/node-fetch/-/node-fetch-2.6.0.tgz",
      "integrity": "sha512-8dG4H5ujfvFiqDmVu9fQ5bOHUC15JMjMY/Zumv26oOvvVJjM67KF8koCWIabKQ1GJIa9r2mMZscBq/TbdOcmNA=="
    }
  }
}
